
Microsoft Visual Studio Solution File, Format Version 12.00
# Visual Studio Version 17
VisualStudioVersion = 17.3.32901.215
MinimumVisualStudioVersion = 10.0.40219.1
Project("{888888A0-9F3D-457C-B088-3A5042F75D52}") = "graph", "graph\graph.pyproj", "{09D02276-0049-47CB-A2D0-635AA078FC12}"
EndProject
Global
	GlobalSection(SolutionConfigurationPlatforms) = preSolution
		Debug|Any CPU = Debug|Any CPU
		Release|Any CPU = Release|Any CPU
	EndGlobalSection
	GlobalSection(ProjectConfigurationPlatforms) = postSolution
		{09D02276-0049-47CB-A2D0-635AA078FC12}.Debug|Any CPU.ActiveCfg = Debug|Any CPU
		{09D02276-0049-47CB-A2D0-635AA078FC12}.Release|Any CPU.ActiveCfg = Release|Any CPU
	EndGlobalSection
	GlobalSection(SolutionProperties) = preSolution
		HideSolutionNode = FALSE
	EndGlobalSection
	GlobalSection(ExtensibilityGlobals) = postSolution
		SolutionGuid = {756D3692-D6ED-4011-BF97-A9F683B99D89}
	EndGlobalSection
EndGlobal
